// !$*UTF8*$!
{
	archiveVersion = 1;
	classes = {
	};
	objectVersion = 56;
	objects = {

/* Begin PBXBuildFile section */
		BF0000000000000000000001 /* FitReadyApp.swift in Sources */ = {isa = PBXBuildFile; fileRef = BF0000000000000000000021 /* FitReadyApp.swift */; };
		BF0000000000000000000002 /* ContentView.swift in Sources */ = {isa = PBXBuildFile; fileRef = BF0000000000000000000022 /* ContentView.swift */; };
		BF0000000000000000000003 /* MainReadinessView.swift in Sources */ = {isa = PBXBuildFile; fileRef = BF0000000000000000000023 /* MainReadinessView.swift */; };
		BF0000000000000000000004 /* HistoryView.swift in Sources */ = {isa = PBXBuildFile; fileRef = BF0000000000000000000024 /* HistoryView.swift */; };
		BF0000000000000000000005 /* SettingsView.swift in Sources */ = {isa = PBXBuildFile; fileRef = BF0000000000000000000025 /* SettingsView.swift */; };
		BF0000000000000000000006 /* ReadinessRingView.swift in Sources */ = {isa = PBXBuildFile; fileRef = BF0000000000000000000026 /* ReadinessRingView.swift */; };
		BF0000000000000000000007 /* MetricCardView.swift in Sources */ = {isa = PBXBuildFile; fileRef = BF0000000000000000000027 /* MetricCardView.swift */; };
		BF0000000000000000000008 /* HealthKitManager.swift in Sources */ = {isa = PBXBuildFile; fileRef = BF0000000000000000000028 /* HealthKitManager.swift */; };
		BF0000000000000000000009 /* ReadinessEngine.swift in Sources */ = {isa = PBXBuildFile; fileRef = BF0000000000000000000029 /* ReadinessEngine.swift */; };
		BF000000000000000000000A /* DailyMetrics.swift in Sources */ = {isa = PBXBuildFile; fileRef = BF000000000000000000002A /* DailyMetrics.swift */; };
		BF000000000000000000000B /* ReadinessScore.swift in Sources */ = {isa = PBXBuildFile; fileRef = BF000000000000000000002B /* ReadinessScore.swift */; };
		BF000000000000000000000C /* Assets.xcassets in Resources */ = {isa = PBXBuildFile; fileRef = BF000000000000000000002C /* Assets.xcassets */; };
		BF000000000000000000000D /* Preview Assets.xcassets in Resources */ = {isa = PBXBuildFile; fileRef = BF000000000000000000002D /* Preview Assets.xcassets */; };
		BF000000000000000000000E /* HealthKit.framework in Frameworks */ = {isa = PBXBuildFile; fileRef = BF000000000000000000002E /* HealthKit.framework */; };
		BF000000000000000000000F /* ProfileView.swift in Sources */ = {isa = PBXBuildFile; fileRef = BF0000000000000000000032 /* ProfileView.swift */; };
		BF0000000000000000000010 /* WeightCardView.swift in Sources */ = {isa = PBXBuildFile; fileRef = BF0000000000000000000033 /* WeightCardView.swift */; };
		BF0000000000000000000011 /* BodyFatCardView.swift in Sources */ = {isa = PBXBuildFile; fileRef = BF0000000000000000000034 /* BodyFatCardView.swift */; };
/* End PBXBuildFile section */

/* Begin PBXFileReference section */
		BF0000000000000000000021 /* FitReadyApp.swift */ = {isa = PBXFileReference; lastKnownFileType = sourcecode.swift; path = FitReadyApp.swift; sourceTree = "<group>"; };
		BF0000000000000000000022 /* ContentView.swift */ = {isa = PBXFileReference; lastKnownFileType = sourcecode.swift; path = ContentView.swift; sourceTree = "<group>"; };
		BF0000000000000000000023 /* MainReadinessView.swift */ = {isa = PBXFileReference; lastKnownFileType = sourcecode.swift; path = MainReadinessView.swift; sourceTree = "<group>"; };
		BF0000000000000000000024 /* HistoryView.swift */ = {isa = PBXFileReference; lastKnownFileType = sourcecode.swift; path = HistoryView.swift; sourceTree = "<group>"; };
		BF0000000000000000000025 /* SettingsView.swift */ = {isa = PBXFileReference; lastKnownFileType = sourcecode.swift; path = SettingsView.swift; sourceTree = "<group>"; };
		BF0000000000000000000026 /* ReadinessRingView.swift */ = {isa = PBXFileReference; lastKnownFileType = sourcecode.swift; path = ReadinessRingView.swift; sourceTree = "<group>"; };
		BF0000000000000000000027 /* MetricCardView.swift */ = {isa = PBXFileReference; lastKnownFileType = sourcecode.swift; path = MetricCardView.swift; sourceTree = "<group>"; };
		BF0000000000000000000028 /* HealthKitManager.swift */ = {isa = PBXFileReference; lastKnownFileType = sourcecode.swift; path = HealthKitManager.swift; sourceTree = "<group>"; };
		BF0000000000000000000029 /* ReadinessEngine.swift */ = {isa = PBXFileReference; lastKnownFileType = sourcecode.swift; path = ReadinessEngine.swift; sourceTree = "<group>"; };
		BF000000000000000000002A /* DailyMetrics.swift */ = {isa = PBXFileReference; lastKnownFileType = sourcecode.swift; path = DailyMetrics.swift; sourceTree = "<group>"; };
		BF000000000000000000002B /* ReadinessScore.swift */ = {isa = PBXFileReference; lastKnownFileType = sourcecode.swift; path = ReadinessScore.swift; sourceTree = "<group>"; };
		BF000000000000000000002C /* Assets.xcassets */ = {isa = PBXFileReference; lastKnownFileType = folder.assetcatalog; path = Assets.xcassets; sourceTree = "<group>"; };
		BF000000000000000000002D /* Preview Assets.xcassets */ = {isa = PBXFileReference; lastKnownFileType = folder.assetcatalog; path = "Preview Assets.xcassets"; sourceTree = "<group>"; };
		BF000000000000000000002E /* HealthKit.framework */ = {isa = PBXFileReference; lastKnownFileType = wrapper.framework; name = HealthKit.framework; path = System/Library/Frameworks/HealthKit.framework; sourceTree = SDKROOT; };
		BF000000000000000000002F /* Info.plist */ = {isa = PBXFileReference; lastKnownFileType = text.plist.xml; path = Info.plist; sourceTree = "<group>"; };
		BF0000000000000000000030 /* FitReady.entitlements */ = {isa = PBXFileReference; lastKnownFileType = text.plist.entitlements; path = FitReady.entitlements; sourceTree = "<group>"; };
		BF0000000000000000000031 /* FitReady.app */ = {isa = PBXFileReference; explicitFileType = wrapper.application; includeInIndex = 0; path = FitReady.app; sourceTree = BUILT_PRODUCTS_DIR; };
		BF0000000000000000000032 /* ProfileView.swift */ = {isa = PBXFileReference; lastKnownFileType = sourcecode.swift; path = ProfileView.swift; sourceTree = "<group>"; };
		BF0000000000000000000033 /* WeightCardView.swift */ = {isa = PBXFileReference; lastKnownFileType = sourcecode.swift; path = WeightCardView.swift; sourceTree = "<group>"; };
		BF0000000000000000000034 /* BodyFatCardView.swift */ = {isa = PBXFileReference; lastKnownFileType = sourcecode.swift; path = BodyFatCardView.swift; sourceTree = "<group>"; };
/* End PBXFileReference section */

/* Begin PBXFrameworksBuildPhase section */
		BF0000000000000000000055 /* Frameworks */ = {
			isa = PBXFrameworksBuildPhase;
			buildActionMask = 2147483647;
			files = (
				BF000000000000000000000E /* HealthKit.framework in Frameworks */,
			);
			runOnlyForDeploymentPostprocessing = 0;
		};
/* End PBXFrameworksBuildPhase section */

/* Begin PBXGroup section */
		BF0000000000000000000041 = {
			isa = PBXGroup;
			children = (
				BF0000000000000000000042 /* FitReady */,
				BF0000000000000000000048 /* Frameworks */,
				BF0000000000000000000049 /* Products */,
			);
			sourceTree = "<group>";
		};
		BF0000000000000000000042 /* FitReady */ = {
			isa = PBXGroup;
			children = (
				BF0000000000000000000021 /* FitReadyApp.swift */,
				BF0000000000000000000022 /* ContentView.swift */,
				BF0000000000000000000043 /* Views */,
				BF0000000000000000000045 /* Services */,
				BF0000000000000000000046 /* Models */,
				BF000000000000000000002C /* Assets.xcassets */,
				BF000000000000000000002F /* Info.plist */,
				BF0000000000000000000030 /* FitReady.entitlements */,
				BF0000000000000000000047 /* Preview Content */,
			);
			path = FitReady;
			sourceTree = "<group>";
		};
		BF0000000000000000000043 /* Views */ = {
			isa = PBXGroup;
			children = (
				BF0000000000000000000023 /* MainReadinessView.swift */,
				BF0000000000000000000024 /* HistoryView.swift */,
				BF0000000000000000000025 /* SettingsView.swift */,
				BF0000000000000000000032 /* ProfileView.swift */,
				BF0000000000000000000044 /* Components */,
			);
			path = Views;
			sourceTree = "<group>";
		};
		BF0000000000000000000044 /* Components */ = {
			isa = PBXGroup;
			children = (
				BF0000000000000000000026 /* ReadinessRingView.swift */,
				BF0000000000000000000027 /* MetricCardView.swift */,
				BF0000000000000000000033 /* WeightCardView.swift */,
				BF0000000000000000000034 /* BodyFatCardView.swift */,
			);
			path = Components;
			sourceTree = "<group>";
		};
		BF0000000000000000000045 /* Services */ = {
			isa = PBXGroup;
			children = (
				BF0000000000000000000028 /* HealthKitManager.swift */,
				BF0000000000000000000029 /* ReadinessEngine.swift */,
			);
			path = Services;
			sourceTree = "<group>";
		};
		BF0000000000000000000046 /* Models */ = {
			isa = PBXGroup;
			children = (
				BF000000000000000000002A /* DailyMetrics.swift */,
				BF000000000000000000002B /* ReadinessScore.swift */,
			);
			path = Models;
			sourceTree = "<group>";
		};
		BF0000000000000000000047 /* Preview Content */ = {
			isa = PBXGroup;
			children = (
				BF000000000000000000002D /* Preview Assets.xcassets */,
			);
			path = "Preview Content";
			sourceTree = "<group>";
		};
		BF0000000000000000000048 /* Frameworks */ = {
			isa = PBXGroup;
			children = (
				BF000000000000000000002E /* HealthKit.framework */,
			);
			name = Frameworks;
			sourceTree = "<group>";
		};
		BF0000000000000000000049 /* Products */ = {
			isa = PBXGroup;
			children = (
				BF0000000000000000000031 /* FitReady.app */,
			);
			name = Products;
			sourceTree = "<group>";
		};
/* End PBXGroup section */

/* Begin PBXNativeTarget section */
		BF0000000000000000000051 /* FitReady */ = {
			isa = PBXNativeTarget;
			buildConfigurationList = BF0000000000000000000062 /* Build configuration list for PBXNativeTarget "FitReady" */;
			buildPhases = (
				BF0000000000000000000055 /* Frameworks */,
				BF0000000000000000000053 /* Sources */,
				BF0000000000000000000054 /* Resources */,
			);
			buildRules = (
			);
			dependencies = (
			);
			name = FitReady;
			productName = FitReady;
			productReference = BF0000000000000000000031 /* FitReady.app */;
			productType = "com.apple.product-type.application";
		};
/* End PBXNativeTarget section */

/* Begin PBXProject section */
		BF0000000000000000000052 /* Project object */ = {
			isa = PBXProject;
			attributes = {
				BuildIndependentTargetsInParallel = 1;
				LastSwiftUpdateCheck = 1500;
				LastUpgradeCheck = 2630;
				TargetAttributes = {
					BF0000000000000000000051 = {
						CreatedOnToolsVersion = 15.0;
					};
				};
			};
			buildConfigurationList = BF0000000000000000000061 /* Build configuration list for PBXProject "FitReady" */;
			compatibilityVersion = "Xcode 14.0";
			developmentRegion = en;
			hasScannedForEncodings = 0;
			knownRegions = (
				en,
				Base,
			);
			mainGroup = BF0000000000000000000041;
			productRefGroup = BF0000000000000000000049 /* Products */;
			projectDirPath = "";
			projectRoot = "";
			targets = (
				BF0000000000000000000051 /* FitReady */,
			);
		};
/* End PBXProject section */

/* Begin PBXResourcesBuildPhase section */
		BF0000000000000000000054 /* Resources */ = {
			isa = PBXResourcesBuildPhase;
			buildActionMask = 2147483647;
			files = (
				BF000000000000000000000C /* Assets.xcassets in Resources */,
				BF000000000000000000000D /* Preview Assets.xcassets in Resources */,
			);
			runOnlyForDeploymentPostprocessing = 0;
		};
/* End PBXResourcesBuildPhase section */

/* Begin PBXSourcesBuildPhase section */
		BF0000000000000000000053 /* Sources */ = {
			isa = PBXSourcesBuildPhase;
			buildActionMask = 2147483647;
			files = (
				BF0000000000000000000001 /* FitReadyApp.swift in Sources */,
				BF0000000000000000000002 /* ContentView.swift in Sources */,
				BF0000000000000000000003 /* MainReadinessView.swift in Sources */,
				BF0000000000000000000004 /* HistoryView.swift in Sources */,
				BF0000000000000000000005 /* SettingsView.swift in Sources */,
				BF0000000000000000000006 /* ReadinessRingView.swift in Sources */,
				BF0000000000000000000007 /* MetricCardView.swift in Sources */,
				BF0000000000000000000008 /* HealthKitManager.swift in Sources */,
				BF0000000000000000000009 /* ReadinessEngine.swift in Sources */,
				BF000000000000000000000A /* DailyMetrics.swift in Sources */,
				BF000000000000000000000B /* ReadinessScore.swift in Sources */,
				BF000000000000000000000F /* ProfileView.swift in Sources */,
				BF0000000000000000000010 /* WeightCardView.swift in Sources */,
				BF0000000000000000000011 /* BodyFatCardView.swift in Sources */,
			);
			runOnlyForDeploymentPostprocessing = 0;
		};
/* End PBXSourcesBuildPhase section */

/* Begin XCBuildConfiguration section */
		BF0000000000000000000063 /* Debug */ = {
			isa = XCBuildConfiguration;
			buildSettings = {
				ALWAYS_SEARCH_USER_PATHS = NO;
				ASSETCATALOG_COMPILER_GENERATE_SWIFT_ASSET_SYMBOL_EXTENSIONS = YES;
				CLANG_ANALYZER_NONNULL = YES;
				CLANG_ANALYZER_NUMBER_OBJECT_CONVERSION = YES_AGGRESSIVE;
				CLANG_CXX_LANGUAGE_STANDARD = "gnu++20";
				CLANG_ENABLE_MODULES = YES;
				CLANG_ENABLE_OBJC_ARC = YES;
				CLANG_ENABLE_OBJC_WEAK = YES;
				CLANG_WARN_BLOCK_CAPTURE_AUTORELEASING = YES;
				CLANG_WARN_BOOL_CONVERSION = YES;
				CLANG_WARN_COMMA = YES;
				CLANG_WARN_CONSTANT_CONVERSION = YES;
				CLANG_WARN_DEPRECATED_OBJC_IMPLEMENTATIONS = YES;
				CLANG_WARN_DIRECT_OBJC_ISA_USAGE = YES_ERROR;
				CLANG_WARN_DOCUMENTATION_COMMENTS = YES;
				CLANG_WARN_EMPTY_BODY = YES;
				CLANG_WARN_ENUM_CONVERSION = YES;
				CLANG_WARN_INFINITE_RECURSION = YES;
				CLANG_WARN_INT_CONVERSION = YES;
				CLANG_WARN_NON_LITERAL_NULL_CONVERSION = YES;
				CLANG_WARN_OBJC_IMPLICIT_RETAIN_CYCLE = YES;
				CLANG_WARN_OBJC_IMPLICIT_RETAIN_SELF = YES;
				CLANG_WARN_OBJC_LITERAL_CONVERSION = YES;
				CLANG_WARN_OBJC_ROOT_CLASS = YES_ERROR;
				CLANG_WARN_QUOTED_INCLUDE_IN_FRAMEWORK_HEADER = YES;
				CLANG_WARN_RANGE_LOOP_ANALYSIS = YES;
				CLANG_WARN_STRICT_PROTOTYPES = YES;
				CLANG_WARN_SUSPICIOUS_MOVE = YES;
				CLANG_WARN_UNGUARDED_AVAILABILITY = YES_AGGRESSIVE;
				CLANG_WARN_UNREACHABLE_CODE = YES;
				CLANG_WARN__DUPLICATE_METHOD_MATCH = YES;
				COPY_PHASE_STRIP = NO;
				DEBUG_INFORMATION_FORMAT = dwarf;
				DEVELOPMENT_TEAM = U7BG3FD65B;
				ENABLE_STRICT_OBJC_MSGSEND = YES;
				ENABLE_TESTABILITY = YES;
				ENABLE_USER_SCRIPT_SANDBOXING = YES;
				GCC_C_LANGUAGE_STANDARD = gnu17;
				GCC_DYNAMIC_NO_PIC = NO;
				GCC_NO_COMMON_BLOCKS = YES;
				GCC_OPTIMIZATION_LEVEL = 0;
				GCC_PREPROCESSOR_DEFINITIONS = (
					"DEBUG=1",
					"$(inherited)",
				);
				GCC_WARN_64_TO_32_BIT_CONVERSION = YES;
				GCC_WARN_ABOUT_RETURN_TYPE = YES_ERROR;
				GCC_WARN_UNDECLARED_SELECTOR = YES;
				GCC_WARN_UNINITIALIZED_AUTOS = YES_AGGRESSIVE;
				GCC_WARN_UNUSED_FUNCTION = YES;
				GCC_WARN_UNUSED_VARIABLE = YES;
				IPHONEOS_DEPLOYMENT_TARGET = 17.0;
				MTL_ENABLE_DEBUG_INFO = INCLUDE_SOURCE;
				MTL_FAST_MATH = YES;
				ONLY_ACTIVE_ARCH = YES;
				SDKROOT = iphoneos;
				STRING_CATALOG_GENERATE_SYMBOLS = YES;
				SWIFT_ACTIVE_COMPILATION_CONDITIONS = "DEBUG $(inherited)";
				SWIFT_OPTIMIZATION_LEVEL = "-Onone";
			};
			name = Debug;
		};
		BF0000000000000000000064 /* Release */ = {
			isa = XCBuildConfiguration;
			buildSettings = {
				ALWAYS_SEARCH_USER_PATHS = NO;
				ASSETCATALOG_COMPILER_GENERATE_SWIFT_ASSET_SYMBOL_EXTENSIONS = YES;
				CLANG_ANALYZER_NONNULL = YES;
				CLANG_ANALYZER_NUMBER_OBJECT_CONVERSION = YES_AGGRESSIVE;
				CLANG_CXX_LANGUAGE_STANDARD = "gnu++20";
				CLANG_ENABLE_MODULES = YES;
				CLANG_ENABLE_OBJC_ARC = YES;
				CLANG_ENABLE_OBJC_WEAK = YES;
				CLANG_WARN_BLOCK_CAPTURE_AUTORELEASING = YES;
				CLANG_WARN_BOOL_CONVERSION = YES;
				CLANG_WARN_COMMA = YES;
				CLANG_WARN_CONSTANT_CONVERSION = YES;
				CLANG_WARN_DEPRECATED_OBJC_IMPLEMENTATIONS = YES;
				CLANG_WARN_DIRECT_OBJC_ISA_USAGE = YES_ERROR;
				CLANG_WARN_DOCUMENTATION_COMMENTS = YES;
				CLANG_WARN_EMPTY_BODY = YES;
				CLANG_WARN_ENUM_CONVERSION = YES;
				CLANG_WARN_INFINITE_RECURSION = YES;
				CLANG_WARN_INT_CONVERSION = YES;
				CLANG_WARN_NON_LITERAL_NULL_CONVERSION = YES;
				CLANG_WARN_OBJC_IMPLICIT_RETAIN_CYCLE = YES;
				CLANG_WARN_OBJC_IMPLICIT_RETAIN_SELF = YES;
				CLANG_WARN_OBJC_LITERAL_CONVERSION = YES;
				CLANG_WARN_OBJC_ROOT_CLASS = YES_ERROR;
				CLANG_WARN_QUOTED_INCLUDE_IN_FRAMEWORK_HEADER = YES;
				CLANG_WARN_RANGE_LOOP_ANALYSIS = YES;
				CLANG_WARN_STRICT_PROTOTYPES = YES;
				CLANG_WARN_SUSPICIOUS_MOVE = YES;
				CLANG_WARN_UNGUARDED_AVAILABILITY = YES_AGGRESSIVE;
				CLANG_WARN_UNREACHABLE_CODE = YES;
				CLANG_WARN__DUPLICATE_METHOD_MATCH = YES;
				COPY_PHASE_STRIP = NO;
				DEBUG_INFORMATION_FORMAT = "dwarf-with-dsym";
				DEVELOPMENT_TEAM = U7BG3FD65B;
				ENABLE_NS_ASSERTIONS = NO;
				ENABLE_STRICT_OBJC_MSGSEND = YES;
				ENABLE_USER_SCRIPT_SANDBOXING = YES;
				GCC_C_LANGUAGE_STANDARD = gnu17;
				GCC_NO_COMMON_BLOCKS = YES;
				GCC_WARN_64_TO_32_BIT_CONVERSION = YES;
				GCC_WARN_ABOUT_RETURN_TYPE = YES_ERROR;
				GCC_WARN_UNDECLARED_SELECTOR = YES;
				GCC_WARN_UNINITIALIZED_AUTOS = YES_AGGRESSIVE;
				GCC_WARN_UNUSED_FUNCTION = YES;
				GCC_WARN_UNUSED_VARIABLE = YES;
				IPHONEOS_DEPLOYMENT_TARGET = 17.0;
				MTL_FAST_MATH = YES;
				SDKROOT = iphoneos;
				STRING_CATALOG_GENERATE_SYMBOLS = YES;
				SWIFT_COMPILATION_MODE = wholemodule;
				SWIFT_OPTIMIZATION_LEVEL = "-O";
				VALIDATE_PRODUCT = YES;
			};
			name = Release;
		};
		BF0000000000000000000065 /* Debug */ = {
			isa = XCBuildConfiguration;
			buildSettings = {
				ASSETCATALOG_COMPILER_APPICON_NAME = AppIcon;
				ASSETCATALOG_COMPILER_GLOBAL_ACCENT_COLOR_NAME = AccentColor;
				CODE_SIGN_ENTITLEMENTS = FitReady/FitReady.entitlements;
				CODE_SIGN_STYLE = Automatic;
				CURRENT_PROJECT_VERSION = 1;
				DEVELOPMENT_ASSET_PATHS = "\"FitReady/Preview Content\"";
				ENABLE_PREVIEWS = YES;
				INFOPLIST_FILE = FitReady/Info.plist;
				INFOPLIST_KEY_LSApplicationCategoryType = "public.app-category.healthcare-fitness";
				IPHONEOS_DEPLOYMENT_TARGET = 17.0;
				LD_RUNPATH_SEARCH_PATHS = (
					"$(inherited)",
					"@executable_path/Frameworks",
				);
				MARKETING_VERSION = 1.0;
				PRODUCT_BUNDLE_IDENTIFIER = com.fitready.test;
				PRODUCT_NAME = "$(TARGET_NAME)";
				SWIFT_EMIT_LOC_STRINGS = YES;
				SWIFT_VERSION = 5.9;
				TARGETED_DEVICE_FAMILY = 1;
			};
			name = Debug;
		};
		BF0000000000000000000066 /* Release */ = {
			isa = XCBuildConfiguration;
			buildSettings = {
				ASSETCATALOG_COMPILER_APPICON_NAME = AppIcon;
				ASSETCATALOG_COMPILER_GLOBAL_ACCENT_COLOR_NAME = AccentColor;
				CODE_SIGN_ENTITLEMENTS = FitReady/FitReady.entitlements;
				CODE_SIGN_STYLE = Automatic;
				CURRENT_PROJECT_VERSION = 1;
				DEVELOPMENT_ASSET_PATHS = "\"FitReady/Preview Content\"";
				ENABLE_PREVIEWS = YES;
				INFOPLIST_FILE = FitReady/Info.plist;
				INFOPLIST_KEY_LSApplicationCategoryType = "public.app-category.healthcare-fitness";
				IPHONEOS_DEPLOYMENT_TARGET = 17.0;
				LD_RUNPATH_SEARCH_PATHS = (
					"$(inherited)",
					"@executable_path/Frameworks",
				);
				MARKETING_VERSION = 1.0;
				PRODUCT_BUNDLE_IDENTIFIER = com.fitready.test;
				PRODUCT_NAME = "$(TARGET_NAME)";
				SWIFT_EMIT_LOC_STRINGS = YES;
				SWIFT_VERSION = 5.9;
				TARGETED_DEVICE_FAMILY = 1;
			};
			name = Release;
		};
/* End XCBuildConfiguration section */

/* Begin XCConfigurationList section */
		BF0000000000000000000061 /* Build configuration list for PBXProject "FitReady" */ = {
			isa = XCConfigurationList;
			buildConfigurations = (
				BF0000000000000000000063 /* Debug */,
				BF0000000000000000000064 /* Release */,
			);
			defaultConfigurationIsVisible = 0;
			defaultConfigurationName = Release;
		};
		BF0000000000000000000062 /* Build configuration list for PBXNativeTarget "FitReady" */ = {
			isa = XCConfigurationList;
			buildConfigurations = (
				BF0000000000000000000065 /* Debug */,
				BF0000000000000000000066 /* Release */,
			);
			defaultConfigurationIsVisible = 0;
			defaultConfigurationName = Release;
		};
/* End XCConfigurationList section */
	};
	rootObject = BF0000000000000000000052 /* Project object */;
}
